
Microsoft Visual Studio Solution File, Format Version 12.00
# Visual Studio Version 16
VisualStudioVersion = 16.0.29519.87
MinimumVisualStudioVersion = 10.0.40219.1
Project("{FAE04EC0-301F-11D3-BF4B-00C04F79EFBC}") = "Pereklichka", "Pereklichka\Pereklichka.csproj", "{1F2695B9-8C18-4BA0-876E-7748C552B834}"
EndProject
Global
	GlobalSection(SolutionConfigurationPlatforms) = preSolution
		Debug|Any CPU = Debug|Any CPU
		Release|Any CPU = Release|Any CPU
	EndGlobalSection
	GlobalSection(ProjectConfigurationPlatforms) = postSolution
		{1F2695B9-8C18-4BA0-876E-7748C552B834}.Debug|Any CPU.ActiveCfg = Debug|Any CPU
		{1F2695B9-8C18-4BA0-876E-7748C552B834}.Debug|Any CPU.Build.0 = Debug|Any CPU
		{1F2695B9-8C18-4BA0-876E-7748C552B834}.Release|Any CPU.ActiveCfg = Release|Any CPU
		{1F2695B9-8C18-4BA0-876E-7748C552B834}.Release|Any CPU.Build.0 = Release|Any CPU
	EndGlobalSection
	GlobalSection(SolutionProperties) = preSolution
		HideSolutionNode = FALSE
	EndGlobalSection
	GlobalSection(ExtensibilityGlobals) = postSolution
		SolutionGuid = {F01F589C-985F-4F70-8B81-0D2A2F184071}
	EndGlobalSection
EndGlobal
